
Microsoft Visual Studio Solution File, Format Version 12.00
# Visual Studio Version 17
VisualStudioVersion = 17.9.34728.123
MinimumVisualStudioVersion = 10.0.40219.1
Project("{2150E333-8FDC-42A3-9474-1A3956D46DE8}") = "Apps", "Apps", "{B54040AB-BDDA-48E9-A517-40492B97050D}"
EndProject
Project("{2150E333-8FDC-42A3-9474-1A3956D46DE8}") = "Database", "Database", "{58801701-5567-4D0B-BAA1-88BD9572A0BC}"
EndProject
Project("{2150E333-8FDC-42A3-9474-1A3956D46DE8}") = "Libraries", "Libraries", "{A256FBCE-FD95-467A-9FD4-928583A78C4B}"
EndProject
Project("{9A19103F-16F7-4668-BE54-9A1E7A4F7556}") = "TuinCentrum", "TuinCentrum\TuinCentrum.csproj", "{FCD8F1F6-EF63-4F19-BB27-AF8F423DD695}"
EndProject
Project("{2150E333-8FDC-42A3-9474-1A3956D46DE8}") = "Resources", "Resources", "{C1073274-0D2C-4902-8750-329E212270CF}"
	ProjectSection(SolutionItems) = preProject
		..\..\Eindopdracht\dashboard_backgroundImage.jpg = ..\..\Eindopdracht\dashboard_backgroundImage.jpg
	EndProjectSection
EndProject
Global
	GlobalSection(SolutionConfigurationPlatforms) = preSolution
		Debug|Any CPU = Debug|Any CPU
		Release|Any CPU = Release|Any CPU
	EndGlobalSection
	GlobalSection(ProjectConfigurationPlatforms) = postSolution
		{FCD8F1F6-EF63-4F19-BB27-AF8F423DD695}.Debug|Any CPU.ActiveCfg = Debug|Any CPU
		{FCD8F1F6-EF63-4F19-BB27-AF8F423DD695}.Debug|Any CPU.Build.0 = Debug|Any CPU
		{FCD8F1F6-EF63-4F19-BB27-AF8F423DD695}.Release|Any CPU.ActiveCfg = Release|Any CPU
		{FCD8F1F6-EF63-4F19-BB27-AF8F423DD695}.Release|Any CPU.Build.0 = Release|Any CPU
	EndGlobalSection
	GlobalSection(SolutionProperties) = preSolution
		HideSolutionNode = FALSE
	EndGlobalSection
	GlobalSection(NestedProjects) = preSolution
		{FCD8F1F6-EF63-4F19-BB27-AF8F423DD695} = {B54040AB-BDDA-48E9-A517-40492B97050D}
	EndGlobalSection
	GlobalSection(ExtensibilityGlobals) = postSolution
		SolutionGuid = {2B5D5F04-5844-423A-B6AA-97B251BF8F0B}
	EndGlobalSection
EndGlobal
